
Microsoft Visual Studio Solution File, Format Version 12.00
# Visual Studio 15
VisualStudioVersion = 15.0.27703.2035
MinimumVisualStudioVersion = 10.0.40219.1
Project("{FAE04EC0-301F-11D3-BF4B-00C04F79EFBC}") = "計算運費-練習01", "計算運費-練習01\計算運費-練習01.csproj", "{4D0A6F7B-CAF3-44BC-8BC2-C518113007D3}"
EndProject
Project("{FAE04EC0-301F-11D3-BF4B-00C04F79EFBC}") = "計算運費-練習01Tests", "計算運費-練習01Tests\計算運費-練習01Tests.csproj", "{2DBE2DBC-8757-4733-83AE-9155F5727267}"
EndProject
Global
	GlobalSection(SolutionConfigurationPlatforms) = preSolution
		Debug|Any CPU = Debug|Any CPU
		Release|Any CPU = Release|Any CPU
	EndGlobalSection
	GlobalSection(ProjectConfigurationPlatforms) = postSolution
		{4D0A6F7B-CAF3-44BC-8BC2-C518113007D3}.Debug|Any CPU.ActiveCfg = Debug|Any CPU
		{4D0A6F7B-CAF3-44BC-8BC2-C518113007D3}.Debug|Any CPU.Build.0 = Debug|Any CPU
		{4D0A6F7B-CAF3-44BC-8BC2-C518113007D3}.Release|Any CPU.ActiveCfg = Release|Any CPU
		{4D0A6F7B-CAF3-44BC-8BC2-C518113007D3}.Release|Any CPU.Build.0 = Release|Any CPU
		{2DBE2DBC-8757-4733-83AE-9155F5727267}.Debug|Any CPU.ActiveCfg = Debug|Any CPU
		{2DBE2DBC-8757-4733-83AE-9155F5727267}.Debug|Any CPU.Build.0 = Debug|Any CPU
		{2DBE2DBC-8757-4733-83AE-9155F5727267}.Release|Any CPU.ActiveCfg = Release|Any CPU
		{2DBE2DBC-8757-4733-83AE-9155F5727267}.Release|Any CPU.Build.0 = Release|Any CPU
	EndGlobalSection
	GlobalSection(SolutionProperties) = preSolution
		HideSolutionNode = FALSE
	EndGlobalSection
	GlobalSection(ExtensibilityGlobals) = postSolution
		SolutionGuid = {01F79A2E-5C10-4125-A3F2-A0EA5F7C018E}
	EndGlobalSection
EndGlobal
